
Microsoft Visual Studio Solution File, Format Version 12.00
# Visual Studio Version 17
VisualStudioVersion = 17.11.35312.102
MinimumVisualStudioVersion = 10.0.40219.1
Project("{FAE04EC0-301F-11D3-BF4B-00C04F79EFBC}") = "tetris", "tetris\tetris.csproj", "{C52F7E42-358F-47AA-89B6-8A91EDD39E97}"
EndProject
Global
	GlobalSection(SolutionConfigurationPlatforms) = preSolution
		Debug|Any CPU = Debug|Any CPU
		Release|Any CPU = Release|Any CPU
	EndGlobalSection
	GlobalSection(ProjectConfigurationPlatforms) = postSolution
		{C52F7E42-358F-47AA-89B6-8A91EDD39E97}.Debug|Any CPU.ActiveCfg = Debug|Any CPU
		{C52F7E42-358F-47AA-89B6-8A91EDD39E97}.Debug|Any CPU.Build.0 = Debug|Any CPU
		{C52F7E42-358F-47AA-89B6-8A91EDD39E97}.Release|Any CPU.ActiveCfg = Release|Any CPU
		{C52F7E42-358F-47AA-89B6-8A91EDD39E97}.Release|Any CPU.Build.0 = Release|Any CPU
	EndGlobalSection
	GlobalSection(SolutionProperties) = preSolution
		HideSolutionNode = FALSE
	EndGlobalSection
	GlobalSection(ExtensibilityGlobals) = postSolution
		SolutionGuid = {D5D760CB-48B5-40CD-8190-9D89C7EBD54A}
	EndGlobalSection
EndGlobal
